
Microsoft Visual Studio Solution File, Format Version 12.00
# Visual Studio 15
VisualStudioVersion = 15.0.26730.15
MinimumVisualStudioVersion = 10.0.40219.1
Project("{FAE04EC0-301F-11D3-BF4B-00C04F79EFBC}") = "FileDeleteWpf", "WpfApp1\FileDeleteWpf.csproj", "{D554FA59-3610-4F94-8188-B37F022E54D1}"
EndProject
Global
	GlobalSection(SolutionConfigurationPlatforms) = preSolution
		Debug|Any CPU = Debug|Any CPU
		Release|Any CPU = Release|Any CPU
	EndGlobalSection
	GlobalSection(ProjectConfigurationPlatforms) = postSolution
		{D554FA59-3610-4F94-8188-B37F022E54D1}.Debug|Any CPU.ActiveCfg = Debug|Any CPU
		{D554FA59-3610-4F94-8188-B37F022E54D1}.Debug|Any CPU.Build.0 = Debug|Any CPU
		{D554FA59-3610-4F94-8188-B37F022E54D1}.Release|Any CPU.ActiveCfg = Release|Any CPU
		{D554FA59-3610-4F94-8188-B37F022E54D1}.Release|Any CPU.Build.0 = Release|Any CPU
	EndGlobalSection
	GlobalSection(SolutionProperties) = preSolution
		HideSolutionNode = FALSE
	EndGlobalSection
	GlobalSection(ExtensibilityGlobals) = postSolution
		SolutionGuid = {A5C6FAE7-07A2-432B-8338-BAA47AF92E5F}
	EndGlobalSection
EndGlobal
